
Microsoft Visual Studio Solution File, Format Version 12.00
# Visual Studio Version 16
VisualStudioVersion = 16.0.29728.190
MinimumVisualStudioVersion = 10.0.40219.1
Project("{FAE04EC0-301F-11D3-BF4B-00C04F79EFBC}") = "task3", "task3\task3.csproj", "{50EFECD6-DF0A-4176-AE48-1741D444E2C3}"
EndProject
Project("{2150E333-8FDC-42A3-9474-1A3956D46DE8}") = "Solution Items", "Solution Items", "{81487BFF-9BCD-497E-8261-74A6B2E36C7B}"
	ProjectSection(SolutionItems) = preProject
		SQLQuery1.sql = SQLQuery1.sql
		SqlQuery2.sql = SqlQuery2.sql
		SqlQuery3.sql = SqlQuery3.sql
		SqlQuery4.sql = SqlQuery4.sql
		SqlQuery5.sql = SqlQuery5.sql
	EndProjectSection
EndProject
Global
	GlobalSection(SolutionConfigurationPlatforms) = preSolution
		Debug|Any CPU = Debug|Any CPU
		Release|Any CPU = Release|Any CPU
	EndGlobalSection
	GlobalSection(ProjectConfigurationPlatforms) = postSolution
		{50EFECD6-DF0A-4176-AE48-1741D444E2C3}.Debug|Any CPU.ActiveCfg = Debug|Any CPU
		{50EFECD6-DF0A-4176-AE48-1741D444E2C3}.Debug|Any CPU.Build.0 = Debug|Any CPU
		{50EFECD6-DF0A-4176-AE48-1741D444E2C3}.Release|Any CPU.ActiveCfg = Release|Any CPU
		{50EFECD6-DF0A-4176-AE48-1741D444E2C3}.Release|Any CPU.Build.0 = Release|Any CPU
	EndGlobalSection
	GlobalSection(SolutionProperties) = preSolution
		HideSolutionNode = FALSE
	EndGlobalSection
	GlobalSection(ExtensibilityGlobals) = postSolution
		SolutionGuid = {B7533460-6408-47FF-A299-9A5C364EF928}
	EndGlobalSection
EndGlobal
